
Microsoft Visual Studio Solution File, Format Version 12.00
# Visual Studio Version 16
VisualStudioVersion = 16.0.30907.101
MinimumVisualStudioVersion = 10.0.40219.1
Project("{FAE04EC0-301F-11D3-BF4B-00C04F79EFBC}") = "Overerving", "Overerving\Overerving.csproj", "{5E564388-BD82-4A27-9B8C-7AD5F6FD3BBB}"
EndProject
Global
	GlobalSection(SolutionConfigurationPlatforms) = preSolution
		Debug|Any CPU = Debug|Any CPU
		Release|Any CPU = Release|Any CPU
	EndGlobalSection
	GlobalSection(ProjectConfigurationPlatforms) = postSolution
		{5E564388-BD82-4A27-9B8C-7AD5F6FD3BBB}.Debug|Any CPU.ActiveCfg = Debug|Any CPU
		{5E564388-BD82-4A27-9B8C-7AD5F6FD3BBB}.Debug|Any CPU.Build.0 = Debug|Any CPU
		{5E564388-BD82-4A27-9B8C-7AD5F6FD3BBB}.Release|Any CPU.ActiveCfg = Release|Any CPU
		{5E564388-BD82-4A27-9B8C-7AD5F6FD3BBB}.Release|Any CPU.Build.0 = Release|Any CPU
	EndGlobalSection
	GlobalSection(SolutionProperties) = preSolution
		HideSolutionNode = FALSE
	EndGlobalSection
	GlobalSection(ExtensibilityGlobals) = postSolution
		SolutionGuid = {8B571EC5-6C68-4D48-9243-7F973FC412D4}
	EndGlobalSection
EndGlobal
