
Microsoft Visual Studio Solution File, Format Version 12.00
# Visual Studio Version 16
VisualStudioVersion = 16.0.30907.101
MinimumVisualStudioVersion = 10.0.40219.1
Project("{FAE04EC0-301F-11D3-BF4B-00C04F79EFBC}") = "HelloWorld", "HelloWorld\HelloWorld.csproj", "{CE40A1C9-CA8D-4EFF-9DC8-AC7A0F6C4B88}"
EndProject
Global
	GlobalSection(SolutionConfigurationPlatforms) = preSolution
		Debug|Any CPU = Debug|Any CPU
		Release|Any CPU = Release|Any CPU
	EndGlobalSection
	GlobalSection(ProjectConfigurationPlatforms) = postSolution
		{CE40A1C9-CA8D-4EFF-9DC8-AC7A0F6C4B88}.Debug|Any CPU.ActiveCfg = Debug|Any CPU
		{CE40A1C9-CA8D-4EFF-9DC8-AC7A0F6C4B88}.Debug|Any CPU.Build.0 = Debug|Any CPU
		{CE40A1C9-CA8D-4EFF-9DC8-AC7A0F6C4B88}.Release|Any CPU.ActiveCfg = Release|Any CPU
		{CE40A1C9-CA8D-4EFF-9DC8-AC7A0F6C4B88}.Release|Any CPU.Build.0 = Release|Any CPU
	EndGlobalSection
	GlobalSection(SolutionProperties) = preSolution
		HideSolutionNode = FALSE
	EndGlobalSection
	GlobalSection(ExtensibilityGlobals) = postSolution
		SolutionGuid = {1D612D21-E5EA-41DA-9782-9DAC7D7B7C61}
	EndGlobalSection
EndGlobal
