
Microsoft Visual Studio Solution File, Format Version 12.00
# Visual Studio Version 16
VisualStudioVersion = 16.0.30907.101
MinimumVisualStudioVersion = 10.0.40219.1
Project("{FAE04EC0-301F-11D3-BF4B-00C04F79EFBC}") = "AchievementFunctions", "AchievementFunctions\AchievementFunctions.csproj", "{FEBD0639-AAFD-4D77-AD10-AD690443B8E7}"
EndProject
Global
	GlobalSection(SolutionConfigurationPlatforms) = preSolution
		Debug|Any CPU = Debug|Any CPU
		Release|Any CPU = Release|Any CPU
	EndGlobalSection
	GlobalSection(ProjectConfigurationPlatforms) = postSolution
		{FEBD0639-AAFD-4D77-AD10-AD690443B8E7}.Debug|Any CPU.ActiveCfg = Debug|Any CPU
		{FEBD0639-AAFD-4D77-AD10-AD690443B8E7}.Debug|Any CPU.Build.0 = Debug|Any CPU
		{FEBD0639-AAFD-4D77-AD10-AD690443B8E7}.Release|Any CPU.ActiveCfg = Release|Any CPU
		{FEBD0639-AAFD-4D77-AD10-AD690443B8E7}.Release|Any CPU.Build.0 = Release|Any CPU
	EndGlobalSection
	GlobalSection(SolutionProperties) = preSolution
		HideSolutionNode = FALSE
	EndGlobalSection
	GlobalSection(ExtensibilityGlobals) = postSolution
		SolutionGuid = {C2B7AB2B-D550-4339-B957-F2BD9D7C0C67}
	EndGlobalSection
EndGlobal
